
Microsoft Visual Studio Solution File, Format Version 12.00
# Visual Studio Version 17
VisualStudioVersion = 17.9.34607.119
MinimumVisualStudioVersion = 10.0.40219.1
Project("{FAE04EC0-301F-11D3-BF4B-00C04F79EFBC}") = "LW2_PROTEUS", "LW2_PROTEUS\LW2_PROTEUS.csproj", "{15251A9E-C024-4B14-A8FC-6322FFE926ED}"
EndProject
Global
	GlobalSection(SolutionConfigurationPlatforms) = preSolution
		Debug|Any CPU = Debug|Any CPU
		Release|Any CPU = Release|Any CPU
	EndGlobalSection
	GlobalSection(ProjectConfigurationPlatforms) = postSolution
		{15251A9E-C024-4B14-A8FC-6322FFE926ED}.Debug|Any CPU.ActiveCfg = Debug|Any CPU
		{15251A9E-C024-4B14-A8FC-6322FFE926ED}.Debug|Any CPU.Build.0 = Debug|Any CPU
		{15251A9E-C024-4B14-A8FC-6322FFE926ED}.Release|Any CPU.ActiveCfg = Release|Any CPU
		{15251A9E-C024-4B14-A8FC-6322FFE926ED}.Release|Any CPU.Build.0 = Release|Any CPU
	EndGlobalSection
	GlobalSection(SolutionProperties) = preSolution
		HideSolutionNode = FALSE
	EndGlobalSection
	GlobalSection(ExtensibilityGlobals) = postSolution
		SolutionGuid = {119CAD1D-EC8B-42CA-A694-FFFD92395339}
	EndGlobalSection
EndGlobal
